
Microsoft Visual Studio Solution File, Format Version 12.00
# Visual Studio Version 16
VisualStudioVersion = 16.0.31613.86
MinimumVisualStudioVersion = 10.0.40219.1
Project("{FAE04EC0-301F-11D3-BF4B-00C04F79EFBC}") = "AI Forge Service", "AI Forge Service.csproj", "{965B62ED-D4C7-426B-9D7B-9F4E46FCF514}"
EndProject
Global
	GlobalSection(SolutionConfigurationPlatforms) = preSolution
		Debug|Any CPU = Debug|Any CPU
		Release|Any CPU = Release|Any CPU
	EndGlobalSection
	GlobalSection(ProjectConfigurationPlatforms) = postSolution
		{965B62ED-D4C7-426B-9D7B-9F4E46FCF514}.Debug|Any CPU.ActiveCfg = Debug|Any CPU
		{965B62ED-D4C7-426B-9D7B-9F4E46FCF514}.Debug|Any CPU.Build.0 = Debug|Any CPU
		{965B62ED-D4C7-426B-9D7B-9F4E46FCF514}.Release|Any CPU.ActiveCfg = Release|Any CPU
		{965B62ED-D4C7-426B-9D7B-9F4E46FCF514}.Release|Any CPU.Build.0 = Release|Any CPU
	EndGlobalSection
	GlobalSection(SolutionProperties) = preSolution
		HideSolutionNode = FALSE
	EndGlobalSection
	GlobalSection(ExtensibilityGlobals) = postSolution
		SolutionGuid = {6D5168B8-2C0F-43E3-B668-E3F00BAB5C9F}
	EndGlobalSection
EndGlobal
