
Microsoft Visual Studio Solution File, Format Version 12.00
# Visual Studio Version 16
VisualStudioVersion = 16.0.31613.86
MinimumVisualStudioVersion = 10.0.40219.1
Project("{FAE04EC0-301F-11D3-BF4B-00C04F79EFBC}") = "AI Forge Web", "AI Forge Web.csproj", "{21FE752B-85DA-461C-9801-B897FDDE5325}"
EndProject
Global
	GlobalSection(SolutionConfigurationPlatforms) = preSolution
		Debug|Any CPU = Debug|Any CPU
		Release|Any CPU = Release|Any CPU
	EndGlobalSection
	GlobalSection(ProjectConfigurationPlatforms) = postSolution
		{21FE752B-85DA-461C-9801-B897FDDE5325}.Debug|Any CPU.ActiveCfg = Debug|Any CPU
		{21FE752B-85DA-461C-9801-B897FDDE5325}.Debug|Any CPU.Build.0 = Debug|Any CPU
		{21FE752B-85DA-461C-9801-B897FDDE5325}.Release|Any CPU.ActiveCfg = Release|Any CPU
		{21FE752B-85DA-461C-9801-B897FDDE5325}.Release|Any CPU.Build.0 = Release|Any CPU
	EndGlobalSection
	GlobalSection(SolutionProperties) = preSolution
		HideSolutionNode = FALSE
	EndGlobalSection
	GlobalSection(ExtensibilityGlobals) = postSolution
		SolutionGuid = {3E1C7AA0-2705-49EE-8BFC-9F69B3E5B602}
	EndGlobalSection
EndGlobal
